{
  "name": "voxel-engine-rewritten",
  "version": "1.0.0",
  "lockfileVersion": 1,
  "requires": true,
  "dependencies": {
    "@types/gl-matrix": {
      "version": "2.4.5",
      "resolved": "https://registry.npmjs.org/@types/gl-matrix/-/gl-matrix-2.4.5.tgz",
      "integrity": "sha512-0L8Mq1+oaIW0oVzGUDbSW+HnTjCNb4CmoIQE5BkoHt/A7x20z0MJ1PnwfH3atty/vbWLGgvJwVu2Mz3SKFiEFw==",
      "dev": true
    },
    "gl-matrix": {
      "version": "3.3.0",
      "resolved": "https://registry.npmjs.org/gl-matrix/-/gl-matrix-3.3.0.tgz",
      "integrity": "sha512-COb7LDz+SXaHtl/h4LeaFcNdJdAQSDeVqjiIihSXNrkWObZLhDI4hIkZC11Aeqp7bcE72clzB0BnDXr2SmslRA==",
      "dev": true
    },
    "ts-providers": {
      "version": "0.2.0",
      "resolved": "https://registry.npmjs.org/ts-providers/-/ts-providers-0.2.0.tgz",
      "integrity": "sha512-VV6PDI9BWRkVc0gZVIPmOi6WN8c54cKE8HdlV194plCXmI+0dwshZULIfn+NAnkqlx4XSPjGSRrhjq78dHR+tQ=="
    },
    "typescript": {
      "version": "3.9.6",
      "resolved": "https://registry.npmjs.org/typescript/-/typescript-3.9.6.tgz",
      "integrity": "sha512-Pspx3oKAPJtjNwE92YS05HQoY7z2SFyOpHo9MqJor3BXAGNaPUs83CuVp9VISFkSjyRfiTpmKuAYGJB7S7hOxw==",
      "dev": true
    }
  }
}
